
Microsoft Visual Studio Solution File, Format Version 12.00
# Visual Studio Version 17
VisualStudioVersion = 17.7.34202.233
MinimumVisualStudioVersion = 10.0.40219.1
Project("{FAE04EC0-301F-11D3-BF4B-00C04F79EFBC}") = "CRUDoperations", "CRUDoperations\CRUDoperations.csproj", "{52255AFC-4BF0-448F-B767-9B31AA15D43A}"
EndProject
Global
	GlobalSection(SolutionConfigurationPlatforms) = preSolution
		Debug|Any CPU = Debug|Any CPU
		Release|Any CPU = Release|Any CPU
	EndGlobalSection
	GlobalSection(ProjectConfigurationPlatforms) = postSolution
		{52255AFC-4BF0-448F-B767-9B31AA15D43A}.Debug|Any CPU.ActiveCfg = Debug|Any CPU
		{52255AFC-4BF0-448F-B767-9B31AA15D43A}.Debug|Any CPU.Build.0 = Debug|Any CPU
		{52255AFC-4BF0-448F-B767-9B31AA15D43A}.Release|Any CPU.ActiveCfg = Release|Any CPU
		{52255AFC-4BF0-448F-B767-9B31AA15D43A}.Release|Any CPU.Build.0 = Release|Any CPU
	EndGlobalSection
	GlobalSection(SolutionProperties) = preSolution
		HideSolutionNode = FALSE
	EndGlobalSection
	GlobalSection(ExtensibilityGlobals) = postSolution
		SolutionGuid = {C319A1FC-E73A-493B-91B8-22B949F97A01}
	EndGlobalSection
EndGlobal
